// !$*UTF8*$!
{
	archiveVersion = 1;
	classes = {
	};
	objectVersion = 50;
	objects = {

/* Begin PBXBuildFile section */
		B121340A216D2640006265F3 /* PageViewController.swift in Sources */ = {isa = PBXBuildFile; fileRef = B1213409216D2640006265F3 /* PageViewController.swift */; };
		B121340C216D26B2006265F3 /* ResourcesViewController.swift in Sources */ = {isa = PBXBuildFile; fileRef = B121340B216D26B2006265F3 /* ResourcesViewController.swift */; };
		B12DEC4F21668D16002A60E0 /* AppDelegate.swift in Sources */ = {isa = PBXBuildFile; fileRef = B12DEC4E21668D16002A60E0 /* AppDelegate.swift */; };
		B12DEC5621668D16002A60E0 /* Main.storyboard in Resources */ = {isa = PBXBuildFile; fileRef = B12DEC5421668D16002A60E0 /* Main.storyboard */; };
		B12DEC5821668D23002A60E0 /* Assets.xcassets in Resources */ = {isa = PBXBuildFile; fileRef = B12DEC5721668D23002A60E0 /* Assets.xcassets */; };
		B12DEC5B21668D23002A60E0 /* LaunchScreen.storyboard in Resources */ = {isa = PBXBuildFile; fileRef = B12DEC5921668D23002A60E0 /* LaunchScreen.storyboard */; };
		B12DEC6621668D23002A60E0 /* REMOLDTests.swift in Sources */ = {isa = PBXBuildFile; fileRef = B12DEC6521668D23002A60E0 /* REMOLDTests.swift */; };
		B12DEC7121668D23002A60E0 /* REMOLDUITests.swift in Sources */ = {isa = PBXBuildFile; fileRef = B12DEC7021668D23002A60E0 /* REMOLDUITests.swift */; };
		B13EB02F216E3AAA002F4713 /* GoalsViewController.swift in Sources */ = {isa = PBXBuildFile; fileRef = B13EB02E216E3AAA002F4713 /* GoalsViewController.swift */; };
		B13EB031216E3ACE002F4713 /* GamesViewController.swift in Sources */ = {isa = PBXBuildFile; fileRef = B13EB030216E3ACE002F4713 /* GamesViewController.swift */; };
		B13EB033216E3ADB002F4713 /* JournalViewController.swift in Sources */ = {isa = PBXBuildFile; fileRef = B13EB032216E3ADB002F4713 /* JournalViewController.swift */; };
		B13EB035216E4901002F4713 /* HomeViewController.swift in Sources */ = {isa = PBXBuildFile; fileRef = B13EB034216E4901002F4713 /* HomeViewController.swift */; };
/* End PBXBuildFile section */

/* Begin PBXContainerItemProxy section */
		B12DEC6221668D23002A60E0 /* PBXContainerItemProxy */ = {
			isa = PBXContainerItemProxy;
			containerPortal = B12DEC4321668D16002A60E0 /* Project object */;
			proxyType = 1;
			remoteGlobalIDString = B12DEC4A21668D16002A60E0;
			remoteInfo = REMOLD;
		};
		B12DEC6D21668D23002A60E0 /* PBXContainerItemProxy */ = {
			isa = PBXContainerItemProxy;
			containerPortal = B12DEC4321668D16002A60E0 /* Project object */;
			proxyType = 1;
			remoteGlobalIDString = B12DEC4A21668D16002A60E0;
			remoteInfo = REMOLD;
		};
/* End PBXContainerItemProxy section */

/* Begin PBXFileReference section */
		B1213409216D2640006265F3 /* PageViewController.swift */ = {isa = PBXFileReference; lastKnownFileType = sourcecode.swift; path = PageViewController.swift; sourceTree = "<group>"; };
		B121340B216D26B2006265F3 /* ResourcesViewController.swift */ = {isa = PBXFileReference; lastKnownFileType = sourcecode.swift; path = ResourcesViewController.swift; sourceTree = "<group>"; };
		B12DEC4B21668D16002A60E0 /* REMOLD.app */ = {isa = PBXFileReference; explicitFileType = wrapper.application; includeInIndex = 0; path = REMOLD.app; sourceTree = BUILT_PRODUCTS_DIR; };
		B12DEC4E21668D16002A60E0 /* AppDelegate.swift */ = {isa = PBXFileReference; lastKnownFileType = sourcecode.swift; path = AppDelegate.swift; sourceTree = "<group>"; };
		B12DEC5521668D16002A60E0 /* Base */ = {isa = PBXFileReference; lastKnownFileType = file.storyboard; name = Base; path = Base.lproj/Main.storyboard; sourceTree = "<group>"; };
		B12DEC5721668D23002A60E0 /* Assets.xcassets */ = {isa = PBXFileReference; lastKnownFileType = folder.assetcatalog; path = Assets.xcassets; sourceTree = "<group>"; };
		B12DEC5A21668D23002A60E0 /* Base */ = {isa = PBXFileReference; lastKnownFileType = file.storyboard; name = Base; path = Base.lproj/LaunchScreen.storyboard; sourceTree = "<group>"; };
		B12DEC5C21668D23002A60E0 /* Info.plist */ = {isa = PBXFileReference; lastKnownFileType = text.plist.xml; path = Info.plist; sourceTree = "<group>"; };
		B12DEC6121668D23002A60E0 /* REMOLDTests.xctest */ = {isa = PBXFileReference; explicitFileType = wrapper.cfbundle; includeInIndex = 0; path = REMOLDTests.xctest; sourceTree = BUILT_PRODUCTS_DIR; };
		B12DEC6521668D23002A60E0 /* REMOLDTests.swift */ = {isa = PBXFileReference; lastKnownFileType = sourcecode.swift; path = REMOLDTests.swift; sourceTree = "<group>"; };
		B12DEC6721668D23002A60E0 /* Info.plist */ = {isa = PBXFileReference; lastKnownFileType = text.plist.xml; path = Info.plist; sourceTree = "<group>"; };
		B12DEC6C21668D23002A60E0 /* REMOLDUITests.xctest */ = {isa = PBXFileReference; explicitFileType = wrapper.cfbundle; includeInIndex = 0; path = REMOLDUITests.xctest; sourceTree = BUILT_PRODUCTS_DIR; };
		B12DEC7021668D23002A60E0 /* REMOLDUITests.swift */ = {isa = PBXFileReference; lastKnownFileType = sourcecode.swift; path = REMOLDUITests.swift; sourceTree = "<group>"; };
		B12DEC7221668D23002A60E0 /* Info.plist */ = {isa = PBXFileReference; lastKnownFileType = text.plist.xml; path = Info.plist; sourceTree = "<group>"; };
		B13EB02E216E3AAA002F4713 /* GoalsViewController.swift */ = {isa = PBXFileReference; lastKnownFileType = sourcecode.swift; path = GoalsViewController.swift; sourceTree = "<group>"; };
		B13EB030216E3ACE002F4713 /* GamesViewController.swift */ = {isa = PBXFileReference; lastKnownFileType = sourcecode.swift; path = GamesViewController.swift; sourceTree = "<group>"; };
		B13EB032216E3ADB002F4713 /* JournalViewController.swift */ = {isa = PBXFileReference; lastKnownFileType = sourcecode.swift; path = JournalViewController.swift; sourceTree = "<group>"; };
		B13EB034216E4901002F4713 /* HomeViewController.swift */ = {isa = PBXFileReference; lastKnownFileType = sourcecode.swift; path = HomeViewController.swift; sourceTree = "<group>"; };
/* End PBXFileReference section */

/* Begin PBXFrameworksBuildPhase section */
		B12DEC4821668D16002A60E0 /* Frameworks */ = {
			isa = PBXFrameworksBuildPhase;
			buildActionMask = 2147483647;
			files = (
			);
			runOnlyForDeploymentPostprocessing = 0;
		};
		B12DEC5E21668D23002A60E0 /* Frameworks */ = {
			isa = PBXFrameworksBuildPhase;
			buildActionMask = 2147483647;
			files = (
			);
			runOnlyForDeploymentPostprocessing = 0;
		};
		B12DEC6921668D23002A60E0 /* Frameworks */ = {
			isa = PBXFrameworksBuildPhase;
			buildActionMask = 2147483647;
			files = (
			);
			runOnlyForDeploymentPostprocessing = 0;
		};
/* End PBXFrameworksBuildPhase section */

/* Begin PBXGroup section */
		B12DEC4221668D16002A60E0 = {
			isa = PBXGroup;
			children = (
				B12DEC4D21668D16002A60E0 /* REMOLD */,
				B12DEC6421668D23002A60E0 /* REMOLDTests */,
				B12DEC6F21668D23002A60E0 /* REMOLDUITests */,
				B12DEC4C21668D16002A60E0 /* Products */,
			);
			sourceTree = "<group>";
		};
		B12DEC4C21668D16002A60E0 /* Products */ = {
			isa = PBXGroup;
			children = (
				B12DEC4B21668D16002A60E0 /* REMOLD.app */,
				B12DEC6121668D23002A60E0 /* REMOLDTests.xctest */,
				B12DEC6C21668D23002A60E0 /* REMOLDUITests.xctest */,
			);
			name = Products;
			sourceTree = "<group>";
		};
		B12DEC4D21668D16002A60E0 /* REMOLD */ = {
			isa = PBXGroup;
			children = (
				B12DEC4E21668D16002A60E0 /* AppDelegate.swift */,
				B12DEC5421668D16002A60E0 /* Main.storyboard */,
				B13EB034216E4901002F4713 /* HomeViewController.swift */,
				B1213409216D2640006265F3 /* PageViewController.swift */,
				B121340B216D26B2006265F3 /* ResourcesViewController.swift */,
				B13EB02E216E3AAA002F4713 /* GoalsViewController.swift */,
				B13EB030216E3ACE002F4713 /* GamesViewController.swift */,
				B13EB032216E3ADB002F4713 /* JournalViewController.swift */,
				B12DEC5721668D23002A60E0 /* Assets.xcassets */,
				B12DEC5921668D23002A60E0 /* LaunchScreen.storyboard */,
				B12DEC5C21668D23002A60E0 /* Info.plist */,
			);
			path = REMOLD;
			sourceTree = "<group>";
		};
		B12DEC6421668D23002A60E0 /* REMOLDTests */ = {
			isa = PBXGroup;
			children = (
				B12DEC6521668D23002A60E0 /* REMOLDTests.swift */,
				B12DEC6721668D23002A60E0 /* Info.plist */,
			);
			path = REMOLDTests;
			sourceTree = "<group>";
		};
		B12DEC6F21668D23002A60E0 /* REMOLDUITests */ = {
			isa = PBXGroup;
			children = (
				B12DEC7021668D23002A60E0 /* REMOLDUITests.swift */,
				B12DEC7221668D23002A60E0 /* Info.plist */,
			);
			path = REMOLDUITests;
			sourceTree = "<group>";
		};
/* End PBXGroup section */

/* Begin PBXNativeTarget section */
		B12DEC4A21668D16002A60E0 /* REMOLD */ = {
			isa = PBXNativeTarget;
			buildConfigurationList = B12DEC7521668D23002A60E0 /* Build configuration list for PBXNativeTarget "REMOLD" */;
			buildPhases = (
				B12DEC4721668D16002A60E0 /* Sources */,
				B12DEC4821668D16002A60E0 /* Frameworks */,
				B12DEC4921668D16002A60E0 /* Resources */,
			);
			buildRules = (
			);
			dependencies = (
			);
			name = REMOLD;
			productName = REMOLD;
			productReference = B12DEC4B21668D16002A60E0 /* REMOLD.app */;
			productType = "com.apple.product-type.application";
		};
		B12DEC6021668D23002A60E0 /* REMOLDTests */ = {
			isa = PBXNativeTarget;
			buildConfigurationList = B12DEC7821668D23002A60E0 /* Build configuration list for PBXNativeTarget "REMOLDTests" */;
			buildPhases = (
				B12DEC5D21668D23002A60E0 /* Sources */,
				B12DEC5E21668D23002A60E0 /* Frameworks */,
				B12DEC5F21668D23002A60E0 /* Resources */,
			);
			buildRules = (
			);
			dependencies = (
				B12DEC6321668D23002A60E0 /* PBXTargetDependency */,
			);
			name = REMOLDTests;
			productName = REMOLDTests;
			productReference = B12DEC6121668D23002A60E0 /* REMOLDTests.xctest */;
			productType = "com.apple.product-type.bundle.unit-test";
		};
		B12DEC6B21668D23002A60E0 /* REMOLDUITests */ = {
			isa = PBXNativeTarget;
			buildConfigurationList = B12DEC7B21668D23002A60E0 /* Build configuration list for PBXNativeTarget "REMOLDUITests" */;
			buildPhases = (
				B12DEC6821668D23002A60E0 /* Sources */,
				B12DEC6921668D23002A60E0 /* Frameworks */,
				B12DEC6A21668D23002A60E0 /* Resources */,
			);
			buildRules = (
			);
			dependencies = (
				B12DEC6E21668D23002A60E0 /* PBXTargetDependency */,
			);
			name = REMOLDUITests;
			productName = REMOLDUITests;
			productReference = B12DEC6C21668D23002A60E0 /* REMOLDUITests.xctest */;
			productType = "com.apple.product-type.bundle.ui-testing";
		};
/* End PBXNativeTarget section */

/* Begin PBXProject section */
		B12DEC4321668D16002A60E0 /* Project object */ = {
			isa = PBXProject;
			attributes = {
				LastSwiftUpdateCheck = 0940;
				LastUpgradeCheck = 0940;
				ORGANIZATIONNAME = CAPS;
				TargetAttributes = {
					B12DEC4A21668D16002A60E0 = {
						CreatedOnToolsVersion = 9.4.1;
					};
					B12DEC6021668D23002A60E0 = {
						CreatedOnToolsVersion = 9.4.1;
						TestTargetID = B12DEC4A21668D16002A60E0;
					};
					B12DEC6B21668D23002A60E0 = {
						CreatedOnToolsVersion = 9.4.1;
						TestTargetID = B12DEC4A21668D16002A60E0;
					};
				};
			};
			buildConfigurationList = B12DEC4621668D16002A60E0 /* Build configuration list for PBXProject "REMOLD" */;
			compatibilityVersion = "Xcode 9.3";
			developmentRegion = en;
			hasScannedForEncodings = 0;
			knownRegions = (
				en,
				Base,
			);
			mainGroup = B12DEC4221668D16002A60E0;
			productRefGroup = B12DEC4C21668D16002A60E0 /* Products */;
			projectDirPath = "";
			projectRoot = "";
			targets = (
				B12DEC4A21668D16002A60E0 /* REMOLD */,
				B12DEC6021668D23002A60E0 /* REMOLDTests */,
				B12DEC6B21668D23002A60E0 /* REMOLDUITests */,
			);
		};
/* End PBXProject section */

/* Begin PBXResourcesBuildPhase section */
		B12DEC4921668D16002A60E0 /* Resources */ = {
			isa = PBXResourcesBuildPhase;
			buildActionMask = 2147483647;
			files = (
				B12DEC5B21668D23002A60E0 /* LaunchScreen.storyboard in Resources */,
				B12DEC5821668D23002A60E0 /* Assets.xcassets in Resources */,
				B12DEC5621668D16002A60E0 /* Main.storyboard in Resources */,
			);
			runOnlyForDeploymentPostprocessing = 0;
		};
		B12DEC5F21668D23002A60E0 /* Resources */ = {
			isa = PBXResourcesBuildPhase;
			buildActionMask = 2147483647;
			files = (
			);
			runOnlyForDeploymentPostprocessing = 0;
		};
		B12DEC6A21668D23002A60E0 /* Resources */ = {
			isa = PBXResourcesBuildPhase;
			buildActionMask = 2147483647;
			files = (
			);
			runOnlyForDeploymentPostprocessing = 0;
		};
/* End PBXResourcesBuildPhase section */

/* Begin PBXSourcesBuildPhase section */
		B12DEC4721668D16002A60E0 /* Sources */ = {
			isa = PBXSourcesBuildPhase;
			buildActionMask = 2147483647;
			files = (
				B12DEC4F21668D16002A60E0 /* AppDelegate.swift in Sources */,
				B121340C216D26B2006265F3 /* ResourcesViewController.swift in Sources */,
				B13EB033216E3ADB002F4713 /* JournalViewController.swift in Sources */,
				B121340A216D2640006265F3 /* PageViewController.swift in Sources */,
				B13EB02F216E3AAA002F4713 /* GoalsViewController.swift in Sources */,
				B13EB035216E4901002F4713 /* HomeViewController.swift in Sources */,
				B13EB031216E3ACE002F4713 /* GamesViewController.swift in Sources */,
			);
			runOnlyForDeploymentPostprocessing = 0;
		};
		B12DEC5D21668D23002A60E0 /* Sources */ = {
			isa = PBXSourcesBuildPhase;
			buildActionMask = 2147483647;
			files = (
				B12DEC6621668D23002A60E0 /* REMOLDTests.swift in Sources */,
			);
			runOnlyForDeploymentPostprocessing = 0;
		};
		B12DEC6821668D23002A60E0 /* Sources */ = {
			isa = PBXSourcesBuildPhase;
			buildActionMask = 2147483647;
			files = (
				B12DEC7121668D23002A60E0 /* REMOLDUITests.swift in Sources */,
			);
			runOnlyForDeploymentPostprocessing = 0;
		};
/* End PBXSourcesBuildPhase section */

/* Begin PBXTargetDependency section */
		B12DEC6321668D23002A60E0 /* PBXTargetDependency */ = {
			isa = PBXTargetDependency;
			target = B12DEC4A21668D16002A60E0 /* REMOLD */;
			targetProxy = B12DEC6221668D23002A60E0 /* PBXContainerItemProxy */;
		};
		B12DEC6E21668D23002A60E0 /* PBXTargetDependency */ = {
			isa = PBXTargetDependency;
			target = B12DEC4A21668D16002A60E0 /* REMOLD */;
			targetProxy = B12DEC6D21668D23002A60E0 /* PBXContainerItemProxy */;
		};
/* End PBXTargetDependency section */

/* Begin PBXVariantGroup section */
		B12DEC5421668D16002A60E0 /* Main.storyboard */ = {
			isa = PBXVariantGroup;
			children = (
				B12DEC5521668D16002A60E0 /* Base */,
			);
			name = Main.storyboard;
			sourceTree = "<group>";
		};
		B12DEC5921668D23002A60E0 /* LaunchScreen.storyboard */ = {
			isa = PBXVariantGroup;
			children = (
				B12DEC5A21668D23002A60E0 /* Base */,
			);
			name = LaunchScreen.storyboard;
			sourceTree = "<group>";
		};
/* End PBXVariantGroup section */

/* Begin XCBuildConfiguration section */
		B12DEC7321668D23002A60E0 /* Debug */ = {
			isa = XCBuildConfiguration;
			buildSettings = {
				ALWAYS_SEARCH_USER_PATHS = NO;
				CLANG_ANALYZER_NONNULL = YES;
				CLANG_ANALYZER_NUMBER_OBJECT_CONVERSION = YES_AGGRESSIVE;
				CLANG_CXX_LANGUAGE_STANDARD = "gnu++14";
				CLANG_CXX_LIBRARY = "libc++";
				CLANG_ENABLE_MODULES = YES;
				CLANG_ENABLE_OBJC_ARC = YES;
				CLANG_ENABLE_OBJC_WEAK = YES;
				CLANG_WARN_BLOCK_CAPTURE_AUTORELEASING = YES;
				CLANG_WARN_BOOL_CONVERSION = YES;
				CLANG_WARN_COMMA = YES;
				CLANG_WARN_CONSTANT_CONVERSION = YES;
				CLANG_WARN_DEPRECATED_OBJC_IMPLEMENTATIONS = YES;
				CLANG_WARN_DIRECT_OBJC_ISA_USAGE = YES_ERROR;
				CLANG_WARN_DOCUMENTATION_COMMENTS = YES;
				CLANG_WARN_EMPTY_BODY = YES;
				CLANG_WARN_ENUM_CONVERSION = YES;
				CLANG_WARN_INFINITE_RECURSION = YES;
				CLANG_WARN_INT_CONVERSION = YES;
				CLANG_WARN_NON_LITERAL_NULL_CONVERSION = YES;
				CLANG_WARN_OBJC_IMPLICIT_RETAIN_SELF = YES;
				CLANG_WARN_OBJC_LITERAL_CONVERSION = YES;
				CLANG_WARN_OBJC_ROOT_CLASS = YES_ERROR;
				CLANG_WARN_RANGE_LOOP_ANALYSIS = YES;
				CLANG_WARN_STRICT_PROTOTYPES = YES;
				CLANG_WARN_SUSPICIOUS_MOVE = YES;
				CLANG_WARN_UNGUARDED_AVAILABILITY = YES_AGGRESSIVE;
				CLANG_WARN_UNREACHABLE_CODE = YES;
				CLANG_WARN__DUPLICATE_METHOD_MATCH = YES;
				CODE_SIGN_IDENTITY = "iPhone Developer";
				COPY_PHASE_STRIP = NO;
				DEBUG_INFORMATION_FORMAT = dwarf;
				ENABLE_STRICT_OBJC_MSGSEND = YES;
				ENABLE_TESTABILITY = YES;
				GCC_C_LANGUAGE_STANDARD = gnu11;
				GCC_DYNAMIC_NO_PIC = NO;
				GCC_NO_COMMON_BLOCKS = YES;
				GCC_OPTIMIZATION_LEVEL = 0;
				GCC_PREPROCESSOR_DEFINITIONS = (
					"DEBUG=1",
					"$(inherited)",
				);
				GCC_WARN_64_TO_32_BIT_CONVERSION = YES;
				GCC_WARN_ABOUT_RETURN_TYPE = YES_ERROR;
				GCC_WARN_UNDECLARED_SELECTOR = YES;
				GCC_WARN_UNINITIALIZED_AUTOS = YES_AGGRESSIVE;
				GCC_WARN_UNUSED_FUNCTION = YES;
				GCC_WARN_UNUSED_VARIABLE = YES;
				IPHONEOS_DEPLOYMENT_TARGET = 11.4;
				MTL_ENABLE_DEBUG_INFO = YES;
				ONLY_ACTIVE_ARCH = YES;
				SDKROOT = iphoneos;
				SWIFT_ACTIVE_COMPILATION_CONDITIONS = DEBUG;
				SWIFT_OPTIMIZATION_LEVEL = "-Onone";
			};
			name = Debug;
		};
		B12DEC7421668D23002A60E0 /* Release */ = {
			isa = XCBuildConfiguration;
			buildSettings = {
				ALWAYS_SEARCH_USER_PATHS = NO;
				CLANG_ANALYZER_NONNULL = YES;
				CLANG_ANALYZER_NUMBER_OBJECT_CONVERSION = YES_AGGRESSIVE;
				CLANG_CXX_LANGUAGE_STANDARD = "gnu++14";
				CLANG_CXX_LIBRARY = "libc++";
				CLANG_ENABLE_MODULES = YES;
				CLANG_ENABLE_OBJC_ARC = YES;
				CLANG_ENABLE_OBJC_WEAK = YES;
				CLANG_WARN_BLOCK_CAPTURE_AUTORELEASING = YES;
				CLANG_WARN_BOOL_CONVERSION = YES;
				CLANG_WARN_COMMA = YES;
				CLANG_WARN_CONSTANT_CONVERSION = YES;
				CLANG_WARN_DEPRECATED_OBJC_IMPLEMENTATIONS = YES;
				CLANG_WARN_DIRECT_OBJC_ISA_USAGE = YES_ERROR;
				CLANG_WARN_DOCUMENTATION_COMMENTS = YES;
				CLANG_WARN_EMPTY_BODY = YES;
				CLANG_WARN_ENUM_CONVERSION = YES;
				CLANG_WARN_INFINITE_RECURSION = YES;
				CLANG_WARN_INT_CONVERSION = YES;
				CLANG_WARN_NON_LITERAL_NULL_CONVERSION = YES;
				CLANG_WARN_OBJC_IMPLICIT_RETAIN_SELF = YES;
				CLANG_WARN_OBJC_LITERAL_CONVERSION = YES;
				CLANG_WARN_OBJC_ROOT_CLASS = YES_ERROR;
				CLANG_WARN_RANGE_LOOP_ANALYSIS = YES;
				CLANG_WARN_STRICT_PROTOTYPES = YES;
				CLANG_WARN_SUSPICIOUS_MOVE = YES;
				CLANG_WARN_UNGUARDED_AVAILABILITY = YES_AGGRESSIVE;
				CLANG_WARN_UNREACHABLE_CODE = YES;
				CLANG_WARN__DUPLICATE_METHOD_MATCH = YES;
				CODE_SIGN_IDENTITY = "iPhone Developer";
				COPY_PHASE_STRIP = NO;
				DEBUG_INFORMATION_FORMAT = "dwarf-with-dsym";
				ENABLE_NS_ASSERTIONS = NO;
				ENABLE_STRICT_OBJC_MSGSEND = YES;
				GCC_C_LANGUAGE_STANDARD = gnu11;
				GCC_NO_COMMON_BLOCKS = YES;
				GCC_WARN_64_TO_32_BIT_CONVERSION = YES;
				GCC_WARN_ABOUT_RETURN_TYPE = YES_ERROR;
				GCC_WARN_UNDECLARED_SELECTOR = YES;
				GCC_WARN_UNINITIALIZED_AUTOS = YES_AGGRESSIVE;
				GCC_WARN_UNUSED_FUNCTION = YES;
				GCC_WARN_UNUSED_VARIABLE = YES;
				IPHONEOS_DEPLOYMENT_TARGET = 11.4;
				MTL_ENABLE_DEBUG_INFO = NO;
				SDKROOT = iphoneos;
				SWIFT_COMPILATION_MODE = wholemodule;
				SWIFT_OPTIMIZATION_LEVEL = "-O";
				VALIDATE_PRODUCT = YES;
			};
			name = Release;
		};
		B12DEC7621668D23002A60E0 /* Debug */ = {
			isa = XCBuildConfiguration;
			buildSettings = {
				ASSETCATALOG_COMPILER_APPICON_NAME = AppIcon;
				CODE_SIGN_STYLE = Automatic;
				INFOPLIST_FILE = REMOLD/Info.plist;
				LD_RUNPATH_SEARCH_PATHS = (
					"$(inherited)",
					"@executable_path/Frameworks",
				);
				PRODUCT_BUNDLE_IDENTIFIER = CAPS.REMOLD;
				PRODUCT_NAME = "$(TARGET_NAME)";
				SWIFT_VERSION = 4.0;
				TARGETED_DEVICE_FAMILY = "1,2";
			};
			name = Debug;
		};
		B12DEC7721668D23002A60E0 /* Release */ = {
			isa = XCBuildConfiguration;
			buildSettings = {
				ASSETCATALOG_COMPILER_APPICON_NAME = AppIcon;
				CODE_SIGN_STYLE = Automatic;
				INFOPLIST_FILE = REMOLD/Info.plist;
				LD_RUNPATH_SEARCH_PATHS = (
					"$(inherited)",
					"@executable_path/Frameworks",
				);
				PRODUCT_BUNDLE_IDENTIFIER = CAPS.REMOLD;
				PRODUCT_NAME = "$(TARGET_NAME)";
				SWIFT_VERSION = 4.0;
				TARGETED_DEVICE_FAMILY = "1,2";
			};
			name = Release;
		};
		B12DEC7921668D23002A60E0 /* Debug */ = {
			isa = XCBuildConfiguration;
			buildSettings = {
				ALWAYS_EMBED_SWIFT_STANDARD_LIBRARIES = YES;
				BUNDLE_LOADER = "$(TEST_HOST)";
				CODE_SIGN_STYLE = Automatic;
				INFOPLIST_FILE = REMOLDTests/Info.plist;
				LD_RUNPATH_SEARCH_PATHS = (
					"$(inherited)",
					"@executable_path/Frameworks",
					"@loader_path/Frameworks",
				);
				PRODUCT_BUNDLE_IDENTIFIER = CAPS.REMOLDTests;
				PRODUCT_NAME = "$(TARGET_NAME)";
				SWIFT_VERSION = 4.0;
				TARGETED_DEVICE_FAMILY = "1,2";
				TEST_HOST = "$(BUILT_PRODUCTS_DIR)/REMOLD.app/REMOLD";
			};
			name = Debug;
		};
		B12DEC7A21668D23002A60E0 /* Release */ = {
			isa = XCBuildConfiguration;
			buildSettings = {
				ALWAYS_EMBED_SWIFT_STANDARD_LIBRARIES = YES;
				BUNDLE_LOADER = "$(TEST_HOST)";
				CODE_SIGN_STYLE = Automatic;
				INFOPLIST_FILE = REMOLDTests/Info.plist;
				LD_RUNPATH_SEARCH_PATHS = (
					"$(inherited)",
					"@executable_path/Frameworks",
					"@loader_path/Frameworks",
				);
				PRODUCT_BUNDLE_IDENTIFIER = CAPS.REMOLDTests;
				PRODUCT_NAME = "$(TARGET_NAME)";
				SWIFT_VERSION = 4.0;
				TARGETED_DEVICE_FAMILY = "1,2";
				TEST_HOST = "$(BUILT_PRODUCTS_DIR)/REMOLD.app/REMOLD";
			};
			name = Release;
		};
		B12DEC7C21668D23002A60E0 /* Debug */ = {
			isa = XCBuildConfiguration;
			buildSettings = {
				ALWAYS_EMBED_SWIFT_STANDARD_LIBRARIES = YES;
				CODE_SIGN_STYLE = Automatic;
				INFOPLIST_FILE = REMOLDUITests/Info.plist;
				LD_RUNPATH_SEARCH_PATHS = (
					"$(inherited)",
					"@executable_path/Frameworks",
					"@loader_path/Frameworks",
				);
				PRODUCT_BUNDLE_IDENTIFIER = CAPS.REMOLDUITests;
				PRODUCT_NAME = "$(TARGET_NAME)";
				SWIFT_VERSION = 4.0;
				TARGETED_DEVICE_FAMILY = "1,2";
				TEST_TARGET_NAME = REMOLD;
			};
			name = Debug;
		};
		B12DEC7D21668D23002A60E0 /* Release */ = {
			isa = XCBuildConfiguration;
			buildSettings = {
				ALWAYS_EMBED_SWIFT_STANDARD_LIBRARIES = YES;
				CODE_SIGN_STYLE = Automatic;
				INFOPLIST_FILE = REMOLDUITests/Info.plist;
				LD_RUNPATH_SEARCH_PATHS = (
					"$(inherited)",
					"@executable_path/Frameworks",
					"@loader_path/Frameworks",
				);
				PRODUCT_BUNDLE_IDENTIFIER = CAPS.REMOLDUITests;
				PRODUCT_NAME = "$(TARGET_NAME)";
				SWIFT_VERSION = 4.0;
				TARGETED_DEVICE_FAMILY = "1,2";
				TEST_TARGET_NAME = REMOLD;
			};
			name = Release;
		};
/* End XCBuildConfiguration section */

/* Begin XCConfigurationList section */
		B12DEC4621668D16002A60E0 /* Build configuration list for PBXProject "REMOLD" */ = {
			isa = XCConfigurationList;
			buildConfigurations = (
				B12DEC7321668D23002A60E0 /* Debug */,
				B12DEC7421668D23002A60E0 /* Release */,
			);
			defaultConfigurationIsVisible = 0;
			defaultConfigurationName = Release;
		};
		B12DEC7521668D23002A60E0 /* Build configuration list for PBXNativeTarget "REMOLD" */ = {
			isa = XCConfigurationList;
			buildConfigurations = (
				B12DEC7621668D23002A60E0 /* Debug */,
				B12DEC7721668D23002A60E0 /* Release */,
			);
			defaultConfigurationIsVisible = 0;
			defaultConfigurationName = Release;
		};
		B12DEC7821668D23002A60E0 /* Build configuration list for PBXNativeTarget "REMOLDTests" */ = {
			isa = XCConfigurationList;
			buildConfigurations = (
				B12DEC7921668D23002A60E0 /* Debug */,
				B12DEC7A21668D23002A60E0 /* Release */,
			);
			defaultConfigurationIsVisible = 0;
			defaultConfigurationName = Release;
		};
		B12DEC7B21668D23002A60E0 /* Build configuration list for PBXNativeTarget "REMOLDUITests" */ = {
			isa = XCConfigurationList;
			buildConfigurations = (
				B12DEC7C21668D23002A60E0 /* Debug */,
				B12DEC7D21668D23002A60E0 /* Release */,
			);
			defaultConfigurationIsVisible = 0;
			defaultConfigurationName = Release;
		};
/* End XCConfigurationList section */
	};
	rootObject = B12DEC4321668D16002A60E0 /* Project object */;
}
